<?xml version="1.0" encoding="utf-8"?>
<Project ToolsVersion="4.0" xmlns="http://schemas.microsoft.com/developer/msbuild/2003">
  <ItemGroup>
    <ClCompile Include="main.cpp" />
    <ClCompile Include="src\input.cpp" />
    <ClCompile Include="util\timer.cpp" />
  </ItemGroup>
  <ItemGroup>
    <ClCompile Include="main.cpp">
      <Filter>Source Files</Filter>
    </ClCompile>
    <ClCompile Include="nettest.cpp">
      <Filter>Source Files</Filter>
    </ClCompile>
    <ClInclude Include="Components\ability_component.hpp" />
    <ClInclude Include="Components\ball_component.hpp" />
    <ClInclude Include="Components\camera_component.hpp" />
    <ClInclude Include="Components\player_component.hpp" />
    <ClInclude Include="Components\position.hpp" />
    <ClInclude Include="Components\physics_component.hpp" />
    <ClInclude Include="Components\transform_component.hpp" />
    <ClInclude Include="Components\velocity.hpp" />
    <ClInclude Include="Entt systems\collision_system.hpp" />
    <ClInclude Include="Entt systems\physics_system.hpp" />
    <ClInclude Include="Entt systems\player_controller_system.hpp" />
    <ClInclude Include="Entt systems\ability_controller_system.hpp" />
    <ClInclude Include="util\input.hpp" />
    <ClInclude Include="src\AbilityHandler\ability.hpp" />
    <ClInclude Include="util\meminfo.hpp" />
    <ClInclude Include="util\timer.hpp" />
    <ClInclude Include="util\transform_helper.hpp" />
    <ClInclude Include="Entt systems\print_position_system.hpp" />
    <ClInclude Include="Components\velocity_component.hpp" />
  </ItemGroup>
  <ItemGroup>
    <None Include="shaders\testshader.frag" />
    <None Include="shaders\testshader.vert" />
    <ClInclude Include="util\meminfo.h">
      <Filter>Header Files</Filter>
    </ClInclude>
    <ClInclude Include="Components\ball_component.hpp">
      <Filter>Header Files</Filter>
    </ClInclude>
    <ClInclude Include="Components\physics_component.hpp">
      <Filter>Header Files</Filter>
    </ClInclude>
    <ClInclude Include="Entt systems\collision_system.hpp">
      <Filter>Header Files</Filter>
    </ClInclude>
    <ClInclude Include="Entt systems\physics_system.hpp">
      <Filter>Header Files</Filter>
    </ClInclude>
  </ItemGroup>
  <ItemGroup>
    <None Include="shaders\testshader.vert" />
    <None Include="shaders\testshader.frag" />
    <None Include="assets\shaders\modelshader.vert" />
    <None Include="assets\shaders\modelshader.frag" />
  </ItemGroup>
</Project>