<?xml version="1.0" encoding="utf-8"?>
<Project ToolsVersion="4.0" xmlns="http://schemas.microsoft.com/developer/msbuild/2003">
  <ItemGroup>
    <Filter Include="Source Files">
      <UniqueIdentifier>{4FC737F1-C7A5-4376-A066-2A32D752A2FF}</UniqueIdentifier>
      <Extensions>cpp;c;cc;cxx;def;odl;idl;hpj;bat;asm;asmx</Extensions>
    </Filter>
    <Filter Include="Header Files">
      <UniqueIdentifier>{93995380-89BD-4b04-88EB-625FBE52EBFB}</UniqueIdentifier>
      <Extensions>h;hh;hpp;hxx;hm;inl;inc;ipp;xsd</Extensions>
    </Filter>
    <Filter Include="Resource Files">
      <UniqueIdentifier>{67DA6AB6-F800-4c08-8B7A-83BB121AAD01}</UniqueIdentifier>
      <Extensions>rc;ico;cur;bmp;dlg;rc2;rct;bin;rgs;gif;jpg;jpeg;jpe;resx;tiff;tif;png;wav;mfcribbon-ms</Extensions>
    </Filter>
  </ItemGroup>
  <ItemGroup>
    <ClCompile Include="main.cpp">
      <Filter>Source Files</Filter>
    </ClCompile>
    <ClCompile Include="src\input.cpp">
      <Filter>Source Files</Filter>
    </ClCompile>
    <ClCompile Include="src\ability.cpp">
      <Filter>Source Files</Filter>
    </ClCompile>
  </ItemGroup>
  <ItemGroup>
    <ClInclude Include="Components\position.h">
      <Filter>Header Files</Filter>
    </ClInclude>
    <ClInclude Include="Components\velocity.h">
      <Filter>Header Files</Filter>
    </ClInclude>
    <ClInclude Include="Entt systems\PrintPositionSystem.h">
      <Filter>Header Files</Filter>
    </ClInclude>
    <ClInclude Include="util\meminfo.h">
      <Filter>Header Files</Filter>
    </ClInclude>
    <ClInclude Include="util\input.h">
      <Filter>Header Files</Filter>
    </ClInclude>
    <ClInclude Include="Components\camera.h">
      <Filter>Header Files</Filter>
    </ClInclude>
    <ClInclude Include="Components\camera_component.h">
      <Filter>Header Files</Filter>
    </ClInclude>
    <ClInclude Include="Entt systems\PlayerControllerSystem.h">
      <Filter>Header Files</Filter>
    </ClInclude>
    <ClInclude Include="Components\player_component.h">
      <Filter>Header Files</Filter>
    </ClInclude>
    <ClInclude Include="Components\transform_component.h">
      <Filter>Header Files</Filter>
    </ClInclude>
    <ClInclude Include="src\AbilityHandler\ability.hpp">
      <Filter>Header Files</Filter>
    </ClInclude>
    <ClInclude Include="Components\Ability Components\missile_component.hpp">
      <Filter>Header Files</Filter>
    </ClInclude>
    <ClInclude Include="Components\Ability Components\teleport_component.hpp">
      <Filter>Header Files</Filter>
    </ClInclude>
    <ClInclude Include="Components\Ability Components\super_strike_component.hpp">
      <Filter>Header Files</Filter>
    </ClInclude>
    <ClInclude Include="Components\Ability Components\switch_goals_component.hpp">
      <Filter>Header Files</Filter>
    </ClInclude>
    <ClInclude Include="Components\Ability Components\invisibility_component.hpp">
      <Filter>Header Files</Filter>
    </ClInclude>
    <ClInclude Include="Components\Ability Components\build_wall_component.hpp">
      <Filter>Header Files</Filter>
    </ClInclude>
    <ClInclude Include="Components\Ability Components\fake_ball_component.hpp">
      <Filter>Header Files</Filter>
    </ClInclude>
    <ClInclude Include="Components\Ability Components\force_push_component.hpp">
      <Filter>Header Files</Filter>
    </ClInclude>
    <ClInclude Include="Components\Ability Components\gravity_change_component.hpp">
      <Filter>Header Files</Filter>
    </ClInclude>
    <ClInclude Include="Components\Ability Components\homing_ball_component.hpp">
      <Filter>Header Files</Filter>
    </ClInclude>
    <ClInclude Include="util\ability.hpp">
      <Filter>Header Files</Filter>
    </ClInclude>
    <ClInclude Include="Entt systems\ability_controller_system.hpp">
      <Filter>Header Files</Filter>
    </ClInclude>
  </ItemGroup>
  <ItemGroup>
    <None Include="shaders\testshader.vert" />
    <None Include="shaders\testshader.frag" />
  </ItemGroup>
</Project>