<?xml version="1.0" encoding="utf-8"?>
<Project ToolsVersion="4.0" xmlns="http://schemas.microsoft.com/developer/msbuild/2003">
  <ItemGroup>
    <Filter Include="Source Files">
      <UniqueIdentifier>{4FC737F1-C7A5-4376-A066-2A32D752A2FF}</UniqueIdentifier>
      <Extensions>cpp;c;cc;cxx;def;odl;idl;hpj;bat;asm;asmx</Extensions>
    </Filter>
    <Filter Include="Header Files">
      <UniqueIdentifier>{93995380-89BD-4b04-88EB-625FBE52EBFB}</UniqueIdentifier>
      <Extensions>h;hh;hpp;hxx;hm;inl;inc;ipp;xsd</Extensions>
    </Filter>
    <Filter Include="Resource Files">
      <UniqueIdentifier>{67DA6AB6-F800-4c08-8B7A-83BB121AAD01}</UniqueIdentifier>
      <Extensions>rc;ico;cur;bmp;dlg;rc2;rct;bin;rgs;gif;jpg;jpeg;jpe;resx;tiff;tif;png;wav;mfcribbon-ms</Extensions>
    </Filter>
    <Filter Include="src">
      <UniqueIdentifier>{d5de8faf-420a-4690-bbb0-1cd20efc6b19}</UniqueIdentifier>
    </Filter>
    <Filter Include="src\replay machine">
      <UniqueIdentifier>{55790efa-e4fa-4f93-bcfd-c243f364b426}</UniqueIdentifier>
    </Filter>
  </ItemGroup>
  <ItemGroup>
    <ClInclude Include="src\util\timer.hpp">
      <Filter>Header Files</Filter>
    </ClInclude>
    <ClInclude Include="src\gameserver.hpp">
      <Filter>Header Files</Filter>
    </ClInclude>
    <ClInclude Include="src\ecs\systems\player_controller_system.hpp">
      <Filter>Header Files</Filter>
    </ClInclude>
    <ClInclude Include="src\ecs\systems\ability_controller_system.hpp">
      <Filter>Header Files</Filter>
    </ClInclude>
    <ClInclude Include="src\ecs\components\player_component.hpp">
      <Filter>Header Files</Filter>
    </ClInclude>
    <ClInclude Include="src\util\global_settings.hpp">
      <Filter>Header Files</Filter>
    </ClInclude>
    <ClInclude Include="src\ecs\systems\collision_system.hpp">
      <Filter>Header Files</Filter>
    </ClInclude>
    <ClInclude Include="src\ecs\systems\physics_system.hpp">
      <Filter>Header Files</Filter>
    </ClInclude>
    <ClInclude Include="src\ecs\systems\collision_temp_debug_system.h">
      <Filter>Header Files</Filter>
    </ClInclude>
    <ClInclude Include="src\ecs\components\physics_component.hpp">
      <Filter>Header Files</Filter>
    </ClInclude>
    <ClInclude Include="src\ecs\components\ability_component.hpp">
      <Filter>Header Files</Filter>
    </ClInclude>
    <ClInclude Include="src\ecs\components\ball_component.hpp">
      <Filter>Header Files</Filter>
    </ClInclude>
    <ClInclude Include="src\ecs\components\projectile_component.hpp">
      <Filter>Header Files</Filter>
    </ClInclude>
    <ClInclude Include="src\ecs\components.hpp">
      <Filter>Header Files</Filter>
    </ClInclude>
    <ClInclude Include="src\serverstate.hpp">
      <Filter>Header Files</Filter>
    </ClInclude>
    <ClInclude Include="src\ecs\systems\goal_system.hpp">
      <Filter>Header Files</Filter>
    </ClInclude>
    <ClInclude Include="src\ecs\components\goal_component.hpp">
      <Filter>Header Files</Filter>
    </ClInclude>
    <ClInclude Include="src\ecs\components\team_component.hpp">
      <Filter>Header Files</Filter>
    </ClInclude>
    <ClInclude Include="src\ecs\components\buff_component.hpp">
      <Filter>Header Files</Filter>
    </ClInclude>
    <ClInclude Include="src\ecs\systems\buff_controller_system.hpp">
      <Filter>Header Files</Filter>
    </ClInclude>
    <ClInclude Include="src\message.hpp">
      <Filter>Header Files</Filter>
    </ClInclude>
    <ClInclude Include="src\ecs\components\pick_up_event.hpp">
      <Filter>Header Files</Filter>
    </ClInclude>
    <ClInclude Include="src\ecs\components\points_component.hpp">
      <Filter>Header Files</Filter>
    </ClInclude>
    <ClInclude Include="src\util\event.hpp">
      <Filter>Header Files</Filter>
    </ClInclude>
    <ClInclude Include="src\replay machine\deterministic_replay.hpp">
      <Filter>Header Files</Filter>
    </ClInclude>
    <ClInclude Include="src\replay machine\assert_module.hpp">
      <Filter>Header Files</Filter>
    </ClInclude>
  </ItemGroup>
  <ItemGroup>
    <ClCompile Include="src\main.cpp">
      <Filter>Source Files</Filter>
    </ClCompile>
    <ClCompile Include="src\gameserver.cpp">
      <Filter>Source Files</Filter>
    </ClCompile>
    <ClCompile Include="src\util\global_settings.cpp">
      <Filter>Source Files</Filter>
    </ClCompile>
    <ClCompile Include="src\serverstate.cpp">
      <Filter>Source Files</Filter>
    </ClCompile>
    <ClCompile Include="src\replay machine\deterministic_replay.cpp">
      <Filter>Source Files</Filter>
    </ClCompile>
    <ClCompile Include="src\replay machine\assert_module.cpp">
      <Filter>Source Files</Filter>
    </ClCompile>
  </ItemGroup>
  <ItemGroup>
    <ClCompile Include="src\replay machine\bit_pack.cpp">
      <Filter>Source Files</Filter>
    </ClCompile>
    <ClCompile Include="src\replay machine\replay_machine.cpp">
      <Filter>Source Files</Filter>
    </ClCompile>
    <ClCompile Include="src\replay machine\reg_pack.cpp">
      <Filter>Source Files</Filter>
    </ClCompile>
  </ItemGroup>
  <ItemGroup>
    <ClInclude Include="src\replay machine\bit_pack.hpp">
      <Filter>Header Files</Filter>
    </ClInclude>
    <ClInclude Include="src\replay machine\replay_machine.hpp">
      <Filter>Header Files</Filter>
    </ClInclude>
    <ClInclude Include="src\replay machine\reg_pack.hpp">
      <Filter>Header Files</Filter>
    </ClInclude>
  </ItemGroup>
  <ItemGroup>
    <Text Include="util\settings.txt" />
  </ItemGroup>
</Project>